// !$*UTF8*$!
{
	archiveVersion = 1;
	classes = {
	};
	objectVersion = 46;
	objects = {

/* Begin PBXBuildFile section */
		0AB67AAA19FF0F930092095C /* SignInViewController.swift in Sources */ = {isa = PBXBuildFile; fileRef = 0AB67AA919FF0F930092095C /* SignInViewController.swift */; };
		0AB67AAC19FF36600092095C /* WelcomeViewController.swift in Sources */ = {isa = PBXBuildFile; fileRef = 0AB67AAB19FF36600092095C /* WelcomeViewController.swift */; };
		0AB67AAE19FF3FD80092095C /* ImageTimelineViewController.swift in Sources */ = {isa = PBXBuildFile; fileRef = 0AB67AAD19FF3FD80092095C /* ImageTimelineViewController.swift */; };
		0AB67AB019FF45120092095C /* ConversationViewController.swift in Sources */ = {isa = PBXBuildFile; fileRef = 0AB67AAF19FF45120092095C /* ConversationViewController.swift */; };
		0AB67AB219FF464D0092095C /* SettingsViewController.swift in Sources */ = {isa = PBXBuildFile; fileRef = 0AB67AB119FF464D0092095C /* SettingsViewController.swift */; };
		0AD5078F19FDF2E700E6285F /* AppDelegate.swift in Sources */ = {isa = PBXBuildFile; fileRef = 0AD5078E19FDF2E700E6285F /* AppDelegate.swift */; };
		0AD5079119FDF2E700E6285F /* ViewController.swift in Sources */ = {isa = PBXBuildFile; fileRef = 0AD5079019FDF2E700E6285F /* ViewController.swift */; };
		0AD5079419FDF2E700E6285F /* Main.storyboard in Resources */ = {isa = PBXBuildFile; fileRef = 0AD5079219FDF2E700E6285F /* Main.storyboard */; };
		0AD5079619FDF2E700E6285F /* Images.xcassets in Resources */ = {isa = PBXBuildFile; fileRef = 0AD5079519FDF2E700E6285F /* Images.xcassets */; };
		0AD5079919FDF2E700E6285F /* LaunchScreen.xib in Resources */ = {isa = PBXBuildFile; fileRef = 0AD5079719FDF2E700E6285F /* LaunchScreen.xib */; };
		0AD507A519FDF2E700E6285F /* DummyCarouselTests.swift in Sources */ = {isa = PBXBuildFile; fileRef = 0AD507A419FDF2E700E6285F /* DummyCarouselTests.swift */; };
		0AD507AF19FDF45500E6285F /* Common.swift in Sources */ = {isa = PBXBuildFile; fileRef = 0AD507AE19FDF45500E6285F /* Common.swift */; };
		0AD507B119FDF79100E6285F /* IntroViewController.swift in Sources */ = {isa = PBXBuildFile; fileRef = 0AD507B019FDF79100E6285F /* IntroViewController.swift */; };
/* End PBXBuildFile section */

/* Begin PBXContainerItemProxy section */
		0AD5079F19FDF2E700E6285F /* PBXContainerItemProxy */ = {
			isa = PBXContainerItemProxy;
			containerPortal = 0AD5078119FDF2E700E6285F /* Project object */;
			proxyType = 1;
			remoteGlobalIDString = 0AD5078819FDF2E700E6285F;
			remoteInfo = DummyCarousel;
		};
/* End PBXContainerItemProxy section */

/* Begin PBXFileReference section */
		0AB67AA919FF0F930092095C /* SignInViewController.swift */ = {isa = PBXFileReference; fileEncoding = 4; lastKnownFileType = sourcecode.swift; path = SignInViewController.swift; sourceTree = "<group>"; };
		0AB67AAB19FF36600092095C /* WelcomeViewController.swift */ = {isa = PBXFileReference; fileEncoding = 4; lastKnownFileType = sourcecode.swift; path = WelcomeViewController.swift; sourceTree = "<group>"; };
		0AB67AAD19FF3FD80092095C /* ImageTimelineViewController.swift */ = {isa = PBXFileReference; fileEncoding = 4; lastKnownFileType = sourcecode.swift; path = ImageTimelineViewController.swift; sourceTree = "<group>"; };
		0AB67AAF19FF45120092095C /* ConversationViewController.swift */ = {isa = PBXFileReference; fileEncoding = 4; lastKnownFileType = sourcecode.swift; path = ConversationViewController.swift; sourceTree = "<group>"; };
		0AB67AB119FF464D0092095C /* SettingsViewController.swift */ = {isa = PBXFileReference; fileEncoding = 4; lastKnownFileType = sourcecode.swift; path = SettingsViewController.swift; sourceTree = "<group>"; };
		0AD5078919FDF2E700E6285F /* DummyCarousel.app */ = {isa = PBXFileReference; explicitFileType = wrapper.application; includeInIndex = 0; path = DummyCarousel.app; sourceTree = BUILT_PRODUCTS_DIR; };
		0AD5078D19FDF2E700E6285F /* Info.plist */ = {isa = PBXFileReference; lastKnownFileType = text.plist.xml; path = Info.plist; sourceTree = "<group>"; };
		0AD5078E19FDF2E700E6285F /* AppDelegate.swift */ = {isa = PBXFileReference; lastKnownFileType = sourcecode.swift; path = AppDelegate.swift; sourceTree = "<group>"; };
		0AD5079019FDF2E700E6285F /* ViewController.swift */ = {isa = PBXFileReference; lastKnownFileType = sourcecode.swift; path = ViewController.swift; sourceTree = "<group>"; };
		0AD5079319FDF2E700E6285F /* Base */ = {isa = PBXFileReference; lastKnownFileType = file.storyboard; name = Base; path = Base.lproj/Main.storyboard; sourceTree = "<group>"; };
		0AD5079519FDF2E700E6285F /* Images.xcassets */ = {isa = PBXFileReference; lastKnownFileType = folder.assetcatalog; path = Images.xcassets; sourceTree = "<group>"; };
		0AD5079819FDF2E700E6285F /* Base */ = {isa = PBXFileReference; lastKnownFileType = file.xib; name = Base; path = Base.lproj/LaunchScreen.xib; sourceTree = "<group>"; };
		0AD5079E19FDF2E700E6285F /* DummyCarouselTests.xctest */ = {isa = PBXFileReference; explicitFileType = wrapper.cfbundle; includeInIndex = 0; path = DummyCarouselTests.xctest; sourceTree = BUILT_PRODUCTS_DIR; };
		0AD507A319FDF2E700E6285F /* Info.plist */ = {isa = PBXFileReference; lastKnownFileType = text.plist.xml; path = Info.plist; sourceTree = "<group>"; };
		0AD507A419FDF2E700E6285F /* DummyCarouselTests.swift */ = {isa = PBXFileReference; lastKnownFileType = sourcecode.swift; path = DummyCarouselTests.swift; sourceTree = "<group>"; };
		0AD507AE19FDF45500E6285F /* Common.swift */ = {isa = PBXFileReference; fileEncoding = 4; lastKnownFileType = sourcecode.swift; path = Common.swift; sourceTree = "<group>"; };
		0AD507B019FDF79100E6285F /* IntroViewController.swift */ = {isa = PBXFileReference; fileEncoding = 4; lastKnownFileType = sourcecode.swift; path = IntroViewController.swift; sourceTree = "<group>"; };
/* End PBXFileReference section */

/* Begin PBXFrameworksBuildPhase section */
		0AD5078619FDF2E700E6285F /* Frameworks */ = {
			isa = PBXFrameworksBuildPhase;
			buildActionMask = 2147483647;
			files = (
			);
			runOnlyForDeploymentPostprocessing = 0;
		};
		0AD5079B19FDF2E700E6285F /* Frameworks */ = {
			isa = PBXFrameworksBuildPhase;
			buildActionMask = 2147483647;
			files = (
			);
			runOnlyForDeploymentPostprocessing = 0;
		};
/* End PBXFrameworksBuildPhase section */

/* Begin PBXGroup section */
		0AD5078019FDF2E700E6285F = {
			isa = PBXGroup;
			children = (
				0AD5078B19FDF2E700E6285F /* DummyCarousel */,
				0AD507A119FDF2E700E6285F /* DummyCarouselTests */,
				0AD5078A19FDF2E700E6285F /* Products */,
			);
			sourceTree = "<group>";
		};
		0AD5078A19FDF2E700E6285F /* Products */ = {
			isa = PBXGroup;
			children = (
				0AD5078919FDF2E700E6285F /* DummyCarousel.app */,
				0AD5079E19FDF2E700E6285F /* DummyCarouselTests.xctest */,
			);
			name = Products;
			sourceTree = "<group>";
		};
		0AD5078B19FDF2E700E6285F /* DummyCarousel */ = {
			isa = PBXGroup;
			children = (
				0AD5078E19FDF2E700E6285F /* AppDelegate.swift */,
				0AD5079019FDF2E700E6285F /* ViewController.swift */,
				0AD5079219FDF2E700E6285F /* Main.storyboard */,
				0AB67AB119FF464D0092095C /* SettingsViewController.swift */,
				0AB67AAF19FF45120092095C /* ConversationViewController.swift */,
				0AB67AAD19FF3FD80092095C /* ImageTimelineViewController.swift */,
				0AB67AAB19FF36600092095C /* WelcomeViewController.swift */,
				0AB67AA919FF0F930092095C /* SignInViewController.swift */,
				0AD507B019FDF79100E6285F /* IntroViewController.swift */,
				0AD5079519FDF2E700E6285F /* Images.xcassets */,
				0AD5079719FDF2E700E6285F /* LaunchScreen.xib */,
				0AD507AE19FDF45500E6285F /* Common.swift */,
				0AD5078C19FDF2E700E6285F /* Supporting Files */,
			);
			path = DummyCarousel;
			sourceTree = "<group>";
		};
		0AD5078C19FDF2E700E6285F /* Supporting Files */ = {
			isa = PBXGroup;
			children = (
				0AD5078D19FDF2E700E6285F /* Info.plist */,
			);
			name = "Supporting Files";
			sourceTree = "<group>";
		};
		0AD507A119FDF2E700E6285F /* DummyCarouselTests */ = {
			isa = PBXGroup;
			children = (
				0AD507A419FDF2E700E6285F /* DummyCarouselTests.swift */,
				0AD507A219FDF2E700E6285F /* Supporting Files */,
			);
			path = DummyCarouselTests;
			sourceTree = "<group>";
		};
		0AD507A219FDF2E700E6285F /* Supporting Files */ = {
			isa = PBXGroup;
			children = (
				0AD507A319FDF2E700E6285F /* Info.plist */,
			);
			name = "Supporting Files";
			sourceTree = "<group>";
		};
/* End PBXGroup section */

/* Begin PBXNativeTarget section */
		0AD5078819FDF2E700E6285F /* DummyCarousel */ = {
			isa = PBXNativeTarget;
			buildConfigurationList = 0AD507A819FDF2E700E6285F /* Build configuration list for PBXNativeTarget "DummyCarousel" */;
			buildPhases = (
				0AD5078519FDF2E700E6285F /* Sources */,
				0AD5078619FDF2E700E6285F /* Frameworks */,
				0AD5078719FDF2E700E6285F /* Resources */,
			);
			buildRules = (
			);
			dependencies = (
			);
			name = DummyCarousel;
			productName = DummyCarousel;
			productReference = 0AD5078919FDF2E700E6285F /* DummyCarousel.app */;
			productType = "com.apple.product-type.application";
		};
		0AD5079D19FDF2E700E6285F /* DummyCarouselTests */ = {
			isa = PBXNativeTarget;
			buildConfigurationList = 0AD507AB19FDF2E700E6285F /* Build configuration list for PBXNativeTarget "DummyCarouselTests" */;
			buildPhases = (
				0AD5079A19FDF2E700E6285F /* Sources */,
				0AD5079B19FDF2E700E6285F /* Frameworks */,
				0AD5079C19FDF2E700E6285F /* Resources */,
			);
			buildRules = (
			);
			dependencies = (
				0AD507A019FDF2E700E6285F /* PBXTargetDependency */,
			);
			name = DummyCarouselTests;
			productName = DummyCarouselTests;
			productReference = 0AD5079E19FDF2E700E6285F /* DummyCarouselTests.xctest */;
			productType = "com.apple.product-type.bundle.unit-test";
		};
/* End PBXNativeTarget section */

/* Begin PBXProject section */
		0AD5078119FDF2E700E6285F /* Project object */ = {
			isa = PBXProject;
			attributes = {
				LastUpgradeCheck = 0600;
				ORGANIZATIONNAME = Eunoia;
				TargetAttributes = {
					0AD5078819FDF2E700E6285F = {
						CreatedOnToolsVersion = 6.0.1;
					};
					0AD5079D19FDF2E700E6285F = {
						CreatedOnToolsVersion = 6.0.1;
						TestTargetID = 0AD5078819FDF2E700E6285F;
					};
				};
			};
			buildConfigurationList = 0AD5078419FDF2E700E6285F /* Build configuration list for PBXProject "DummyCarousel" */;
			compatibilityVersion = "Xcode 3.2";
			developmentRegion = English;
			hasScannedForEncodings = 0;
			knownRegions = (
				en,
				Base,
			);
			mainGroup = 0AD5078019FDF2E700E6285F;
			productRefGroup = 0AD5078A19FDF2E700E6285F /* Products */;
			projectDirPath = "";
			projectRoot = "";
			targets = (
				0AD5078819FDF2E700E6285F /* DummyCarousel */,
				0AD5079D19FDF2E700E6285F /* DummyCarouselTests */,
			);
		};
/* End PBXProject section */

/* Begin PBXResourcesBuildPhase section */
		0AD5078719FDF2E700E6285F /* Resources */ = {
			isa = PBXResourcesBuildPhase;
			buildActionMask = 2147483647;
			files = (
				0AD5079419FDF2E700E6285F /* Main.storyboard in Resources */,
				0AD5079919FDF2E700E6285F /* LaunchScreen.xib in Resources */,
				0AD5079619FDF2E700E6285F /* Images.xcassets in Resources */,
			);
			runOnlyForDeploymentPostprocessing = 0;
		};
		0AD5079C19FDF2E700E6285F /* Resources */ = {
			isa = PBXResourcesBuildPhase;
			buildActionMask = 2147483647;
			files = (
			);
			runOnlyForDeploymentPostprocessing = 0;
		};
/* End PBXResourcesBuildPhase section */

/* Begin PBXSourcesBuildPhase section */
		0AD5078519FDF2E700E6285F /* Sources */ = {
			isa = PBXSourcesBuildPhase;
			buildActionMask = 2147483647;
			files = (
				0AD5079119FDF2E700E6285F /* ViewController.swift in Sources */,
				0AB67AAE19FF3FD80092095C /* ImageTimelineViewController.swift in Sources */,
				0AB67AB019FF45120092095C /* ConversationViewController.swift in Sources */,
				0AD507AF19FDF45500E6285F /* Common.swift in Sources */,
				0AD5078F19FDF2E700E6285F /* AppDelegate.swift in Sources */,
				0AB67AAC19FF36600092095C /* WelcomeViewController.swift in Sources */,
				0AB67AAA19FF0F930092095C /* SignInViewController.swift in Sources */,
				0AD507B119FDF79100E6285F /* IntroViewController.swift in Sources */,
				0AB67AB219FF464D0092095C /* SettingsViewController.swift in Sources */,
			);
			runOnlyForDeploymentPostprocessing = 0;
		};
		0AD5079A19FDF2E700E6285F /* Sources */ = {
			isa = PBXSourcesBuildPhase;
			buildActionMask = 2147483647;
			files = (
				0AD507A519FDF2E700E6285F /* DummyCarouselTests.swift in Sources */,
			);
			runOnlyForDeploymentPostprocessing = 0;
		};
/* End PBXSourcesBuildPhase section */

/* Begin PBXTargetDependency section */
		0AD507A019FDF2E700E6285F /* PBXTargetDependency */ = {
			isa = PBXTargetDependency;
			target = 0AD5078819FDF2E700E6285F /* DummyCarousel */;
			targetProxy = 0AD5079F19FDF2E700E6285F /* PBXContainerItemProxy */;
		};
/* End PBXTargetDependency section */

/* Begin PBXVariantGroup section */
		0AD5079219FDF2E700E6285F /* Main.storyboard */ = {
			isa = PBXVariantGroup;
			children = (
				0AD5079319FDF2E700E6285F /* Base */,
			);
			name = Main.storyboard;
			sourceTree = "<group>";
		};
		0AD5079719FDF2E700E6285F /* LaunchScreen.xib */ = {
			isa = PBXVariantGroup;
			children = (
				0AD5079819FDF2E700E6285F /* Base */,
			);
			name = LaunchScreen.xib;
			sourceTree = "<group>";
		};
/* End PBXVariantGroup section */

/* Begin XCBuildConfiguration section */
		0AD507A619FDF2E700E6285F /* Debug */ = {
			isa = XCBuildConfiguration;
			buildSettings = {
				ALWAYS_SEARCH_USER_PATHS = NO;
				CLANG_CXX_LANGUAGE_STANDARD = "gnu++0x";
				CLANG_CXX_LIBRARY = "libc++";
				CLANG_ENABLE_MODULES = YES;
				CLANG_ENABLE_OBJC_ARC = YES;
				CLANG_WARN_BOOL_CONVERSION = YES;
				CLANG_WARN_CONSTANT_CONVERSION = YES;
				CLANG_WARN_DIRECT_OBJC_ISA_USAGE = YES_ERROR;
				CLANG_WARN_EMPTY_BODY = YES;
				CLANG_WARN_ENUM_CONVERSION = YES;
				CLANG_WARN_INT_CONVERSION = YES;
				CLANG_WARN_OBJC_ROOT_CLASS = YES_ERROR;
				CLANG_WARN_UNREACHABLE_CODE = YES;
				CLANG_WARN__DUPLICATE_METHOD_MATCH = YES;
				"CODE_SIGN_IDENTITY[sdk=iphoneos*]" = "iPhone Developer";
				COPY_PHASE_STRIP = NO;
				ENABLE_STRICT_OBJC_MSGSEND = YES;
				GCC_C_LANGUAGE_STANDARD = gnu99;
				GCC_DYNAMIC_NO_PIC = NO;
				GCC_OPTIMIZATION_LEVEL = 0;
				GCC_PREPROCESSOR_DEFINITIONS = (
					"DEBUG=1",
					"$(inherited)",
				);
				GCC_SYMBOLS_PRIVATE_EXTERN = NO;
				GCC_WARN_64_TO_32_BIT_CONVERSION = YES;
				GCC_WARN_ABOUT_RETURN_TYPE = YES_ERROR;
				GCC_WARN_UNDECLARED_SELECTOR = YES;
				GCC_WARN_UNINITIALIZED_AUTOS = YES_AGGRESSIVE;
				GCC_WARN_UNUSED_FUNCTION = YES;
				GCC_WARN_UNUSED_VARIABLE = YES;
				IPHONEOS_DEPLOYMENT_TARGET = 8.0;
				MTL_ENABLE_DEBUG_INFO = YES;
				ONLY_ACTIVE_ARCH = YES;
				SDKROOT = iphoneos;
				SWIFT_OPTIMIZATION_LEVEL = "-Onone";
			};
			name = Debug;
		};
		0AD507A719FDF2E700E6285F /* Release */ = {
			isa = XCBuildConfiguration;
			buildSettings = {
				ALWAYS_SEARCH_USER_PATHS = NO;
				CLANG_CXX_LANGUAGE_STANDARD = "gnu++0x";
				CLANG_CXX_LIBRARY = "libc++";
				CLANG_ENABLE_MODULES = YES;
				CLANG_ENABLE_OBJC_ARC = YES;
				CLANG_WARN_BOOL_CONVERSION = YES;
				CLANG_WARN_CONSTANT_CONVERSION = YES;
				CLANG_WARN_DIRECT_OBJC_ISA_USAGE = YES_ERROR;
				CLANG_WARN_EMPTY_BODY = YES;
				CLANG_WARN_ENUM_CONVERSION = YES;
				CLANG_WARN_INT_CONVERSION = YES;
				CLANG_WARN_OBJC_ROOT_CLASS = YES_ERROR;
				CLANG_WARN_UNREACHABLE_CODE = YES;
				CLANG_WARN__DUPLICATE_METHOD_MATCH = YES;
				"CODE_SIGN_IDENTITY[sdk=iphoneos*]" = "iPhone Developer";
				COPY_PHASE_STRIP = YES;
				ENABLE_NS_ASSERTIONS = NO;
				ENABLE_STRICT_OBJC_MSGSEND = YES;
				GCC_C_LANGUAGE_STANDARD = gnu99;
				GCC_WARN_64_TO_32_BIT_CONVERSION = YES;
				GCC_WARN_ABOUT_RETURN_TYPE = YES_ERROR;
				GCC_WARN_UNDECLARED_SELECTOR = YES;
				GCC_WARN_UNINITIALIZED_AUTOS = YES_AGGRESSIVE;
				GCC_WARN_UNUSED_FUNCTION = YES;
				GCC_WARN_UNUSED_VARIABLE = YES;
				IPHONEOS_DEPLOYMENT_TARGET = 8.0;
				MTL_ENABLE_DEBUG_INFO = NO;
				SDKROOT = iphoneos;
				VALIDATE_PRODUCT = YES;
			};
			name = Release;
		};
		0AD507A919FDF2E700E6285F /* Debug */ = {
			isa = XCBuildConfiguration;
			buildSettings = {
				ASSETCATALOG_COMPILER_APPICON_NAME = AppIcon;
				ASSETCATALOG_COMPILER_LAUNCHIMAGE_NAME = LaunchImage;
				INFOPLIST_FILE = DummyCarousel/Info.plist;
				LD_RUNPATH_SEARCH_PATHS = "$(inherited) @executable_path/Frameworks";
				PRODUCT_NAME = "$(TARGET_NAME)";
			};
			name = Debug;
		};
		0AD507AA19FDF2E700E6285F /* Release */ = {
			isa = XCBuildConfiguration;
			buildSettings = {
				ASSETCATALOG_COMPILER_APPICON_NAME = AppIcon;
				ASSETCATALOG_COMPILER_LAUNCHIMAGE_NAME = LaunchImage;
				INFOPLIST_FILE = DummyCarousel/Info.plist;
				LD_RUNPATH_SEARCH_PATHS = "$(inherited) @executable_path/Frameworks";
				PRODUCT_NAME = "$(TARGET_NAME)";
			};
			name = Release;
		};
		0AD507AC19FDF2E700E6285F /* Debug */ = {
			isa = XCBuildConfiguration;
			buildSettings = {
				BUNDLE_LOADER = "$(TEST_HOST)";
				FRAMEWORK_SEARCH_PATHS = (
					"$(SDKROOT)/Developer/Library/Frameworks",
					"$(inherited)",
				);
				GCC_PREPROCESSOR_DEFINITIONS = (
					"DEBUG=1",
					"$(inherited)",
				);
				INFOPLIST_FILE = DummyCarouselTests/Info.plist;
				LD_RUNPATH_SEARCH_PATHS = "$(inherited) @executable_path/Frameworks @loader_path/Frameworks";
				PRODUCT_NAME = "$(TARGET_NAME)";
				TEST_HOST = "$(BUILT_PRODUCTS_DIR)/DummyCarousel.app/DummyCarousel";
			};
			name = Debug;
		};
		0AD507AD19FDF2E700E6285F /* Release */ = {
			isa = XCBuildConfiguration;
			buildSettings = {
				BUNDLE_LOADER = "$(TEST_HOST)";
				FRAMEWORK_SEARCH_PATHS = (
					"$(SDKROOT)/Developer/Library/Frameworks",
					"$(inherited)",
				);
				INFOPLIST_FILE = DummyCarouselTests/Info.plist;
				LD_RUNPATH_SEARCH_PATHS = "$(inherited) @executable_path/Frameworks @loader_path/Frameworks";
				PRODUCT_NAME = "$(TARGET_NAME)";
				TEST_HOST = "$(BUILT_PRODUCTS_DIR)/DummyCarousel.app/DummyCarousel";
			};
			name = Release;
		};
/* End XCBuildConfiguration section */

/* Begin XCConfigurationList section */
		0AD5078419FDF2E700E6285F /* Build configuration list for PBXProject "DummyCarousel" */ = {
			isa = XCConfigurationList;
			buildConfigurations = (
				0AD507A619FDF2E700E6285F /* Debug */,
				0AD507A719FDF2E700E6285F /* Release */,
			);
			defaultConfigurationIsVisible = 0;
			defaultConfigurationName = Release;
		};
		0AD507A819FDF2E700E6285F /* Build configuration list for PBXNativeTarget "DummyCarousel" */ = {
			isa = XCConfigurationList;
			buildConfigurations = (
				0AD507A919FDF2E700E6285F /* Debug */,
				0AD507AA19FDF2E700E6285F /* Release */,
			);
			defaultConfigurationIsVisible = 0;
			defaultConfigurationName = Release;
		};
		0AD507AB19FDF2E700E6285F /* Build configuration list for PBXNativeTarget "DummyCarouselTests" */ = {
			isa = XCConfigurationList;
			buildConfigurations = (
				0AD507AC19FDF2E700E6285F /* Debug */,
				0AD507AD19FDF2E700E6285F /* Release */,
			);
			defaultConfigurationIsVisible = 0;
			defaultConfigurationName = Release;
		};
/* End XCConfigurationList section */
	};
	rootObject = 0AD5078119FDF2E700E6285F /* Project object */;
}
